
Microsoft Visual Studio Solution File, Format Version 12.00
# Visual Studio Version 17
VisualStudioVersion = 17.6.33829.357
MinimumVisualStudioVersion = 10.0.40219.1
Project("{9A19103F-16F7-4668-BE54-9A1E7A4F7556}") = "BackEndCapstone", "BackEndCapstone\BackEndCapstone.csproj", "{FC5194AB-A85D-41FA-B823-7536EDD1C5AA}"
EndProject
Global
	GlobalSection(SolutionConfigurationPlatforms) = preSolution
		Debug|Any CPU = Debug|Any CPU
		Release|Any CPU = Release|Any CPU
	EndGlobalSection
	GlobalSection(ProjectConfigurationPlatforms) = postSolution
		{FC5194AB-A85D-41FA-B823-7536EDD1C5AA}.Debug|Any CPU.ActiveCfg = Debug|Any CPU
		{FC5194AB-A85D-41FA-B823-7536EDD1C5AA}.Debug|Any CPU.Build.0 = Debug|Any CPU
		{FC5194AB-A85D-41FA-B823-7536EDD1C5AA}.Release|Any CPU.ActiveCfg = Release|Any CPU
		{FC5194AB-A85D-41FA-B823-7536EDD1C5AA}.Release|Any CPU.Build.0 = Release|Any CPU
	EndGlobalSection
	GlobalSection(SolutionProperties) = preSolution
		HideSolutionNode = FALSE
	EndGlobalSection
	GlobalSection(ExtensibilityGlobals) = postSolution
		SolutionGuid = {F5A02E0E-D2B8-41DD-B18E-22D620D00C97}
	EndGlobalSection
EndGlobal
